// !$*UTF8*$!
{
	archiveVersion = 1;
	classes = {
	};
	objectVersion = 50;
	objects = {

/* Begin PBXBuildFile section */
		8497BE30249ABFF9006C6FAA /* AppDelegate.swift in Sources */ = {isa = PBXBuildFile; fileRef = 8497BE2F249ABFF9006C6FAA /* AppDelegate.swift */; };
		8497BE32249ABFF9006C6FAA /* SceneDelegate.swift in Sources */ = {isa = PBXBuildFile; fileRef = 8497BE31249ABFF9006C6FAA /* SceneDelegate.swift */; };
		8497BE34249ABFF9006C6FAA /* SelectIllnessVC.swift in Sources */ = {isa = PBXBuildFile; fileRef = 8497BE33249ABFF9006C6FAA /* SelectIllnessVC.swift */; };
		8497BE37249ABFF9006C6FAA /* Hospital.storyboard in Resources */ = {isa = PBXBuildFile; fileRef = 8497BE35249ABFF9006C6FAA /* Hospital.storyboard */; };
		8497BE39249ABFFA006C6FAA /* Assets.xcassets in Resources */ = {isa = PBXBuildFile; fileRef = 8497BE38249ABFFA006C6FAA /* Assets.xcassets */; };
		8497BE3C249ABFFA006C6FAA /* LaunchScreen.storyboard in Resources */ = {isa = PBXBuildFile; fileRef = 8497BE3A249ABFFA006C6FAA /* LaunchScreen.storyboard */; };
		8497BE4A249AC132006C6FAA /* HospitalListVC.swift in Sources */ = {isa = PBXBuildFile; fileRef = 8497BE49249AC132006C6FAA /* HospitalListVC.swift */; };
		8497BE4E249AC385006C6FAA /* StoryboardHelper.swift in Sources */ = {isa = PBXBuildFile; fileRef = 8497BE4D249AC385006C6FAA /* StoryboardHelper.swift */; };
		8497BE53249AC637006C6FAA /* IllnessCell.xib in Resources */ = {isa = PBXBuildFile; fileRef = 8497BE51249AC637006C6FAA /* IllnessCell.xib */; };
		8497BE54249AC637006C6FAA /* IllnessCell.swift in Sources */ = {isa = PBXBuildFile; fileRef = 8497BE52249AC637006C6FAA /* IllnessCell.swift */; };
		8497BE56249AC6C7006C6FAA /* TableviewCell+Extension.swift in Sources */ = {isa = PBXBuildFile; fileRef = 8497BE55249AC6C7006C6FAA /* TableviewCell+Extension.swift */; };
		8497BE58249ACBA2006C6FAA /* APIService.swift in Sources */ = {isa = PBXBuildFile; fileRef = 8497BE57249ACBA2006C6FAA /* APIService.swift */; };
		8497BE5A249ACC00006C6FAA /* AppConstants.swift in Sources */ = {isa = PBXBuildFile; fileRef = 8497BE59249ACC00006C6FAA /* AppConstants.swift */; };
		8497BE5C249AD00F006C6FAA /* IllnessModel.swift in Sources */ = {isa = PBXBuildFile; fileRef = 8497BE5B249AD00F006C6FAA /* IllnessModel.swift */; };
		8497BE5E249AE59D006C6FAA /* IllnessListViewModel.swift in Sources */ = {isa = PBXBuildFile; fileRef = 8497BE5D249AE59D006C6FAA /* IllnessListViewModel.swift */; };
		8497BE60249AFDC7006C6FAA /* TableView+Extension.swift in Sources */ = {isa = PBXBuildFile; fileRef = 8497BE5F249AFDC7006C6FAA /* TableView+Extension.swift */; };
		8497BE67249B05FE006C6FAA /* IllnessViewModel.swift in Sources */ = {isa = PBXBuildFile; fileRef = 8497BE66249B05FE006C6FAA /* IllnessViewModel.swift */; };
		8497BE69249B24FD006C6FAA /* BoxShadowView.swift in Sources */ = {isa = PBXBuildFile; fileRef = 8497BE68249B24FD006C6FAA /* BoxShadowView.swift */; };
		8497BE6B249B27DE006C6FAA /* UIView+Extension.swift in Sources */ = {isa = PBXBuildFile; fileRef = 8497BE6A249B27DE006C6FAA /* UIView+Extension.swift */; };
		8497BE6D249B338D006C6FAA /* SelectPainLevelVC.swift in Sources */ = {isa = PBXBuildFile; fileRef = 8497BE6C249B338D006C6FAA /* SelectPainLevelVC.swift */; };
		8497BE6F249B36B8006C6FAA /* PainLevelButton.swift in Sources */ = {isa = PBXBuildFile; fileRef = 8497BE6E249B36B8006C6FAA /* PainLevelButton.swift */; };
		8497BE72249B3AA5006C6FAA /* Common.swift in Sources */ = {isa = PBXBuildFile; fileRef = 8497BE71249B3AA5006C6FAA /* Common.swift */; };
/* End PBXBuildFile section */

/* Begin PBXFileReference section */
		8497BE2C249ABFF9006C6FAA /* Hospital Finder.app */ = {isa = PBXFileReference; explicitFileType = wrapper.application; includeInIndex = 0; path = "Hospital Finder.app"; sourceTree = BUILT_PRODUCTS_DIR; };
		8497BE2F249ABFF9006C6FAA /* AppDelegate.swift */ = {isa = PBXFileReference; lastKnownFileType = sourcecode.swift; path = AppDelegate.swift; sourceTree = "<group>"; };
		8497BE31249ABFF9006C6FAA /* SceneDelegate.swift */ = {isa = PBXFileReference; lastKnownFileType = sourcecode.swift; path = SceneDelegate.swift; sourceTree = "<group>"; };
		8497BE33249ABFF9006C6FAA /* SelectIllnessVC.swift */ = {isa = PBXFileReference; lastKnownFileType = sourcecode.swift; path = SelectIllnessVC.swift; sourceTree = "<group>"; };
		8497BE36249ABFF9006C6FAA /* Base */ = {isa = PBXFileReference; lastKnownFileType = file.storyboard; name = Base; path = Base.lproj/Hospital.storyboard; sourceTree = "<group>"; };
		8497BE38249ABFFA006C6FAA /* Assets.xcassets */ = {isa = PBXFileReference; lastKnownFileType = folder.assetcatalog; path = Assets.xcassets; sourceTree = "<group>"; };
		8497BE3B249ABFFA006C6FAA /* Base */ = {isa = PBXFileReference; lastKnownFileType = file.storyboard; name = Base; path = Base.lproj/LaunchScreen.storyboard; sourceTree = "<group>"; };
		8497BE3D249ABFFA006C6FAA /* Info.plist */ = {isa = PBXFileReference; lastKnownFileType = text.plist.xml; path = Info.plist; sourceTree = "<group>"; };
		8497BE49249AC132006C6FAA /* HospitalListVC.swift */ = {isa = PBXFileReference; lastKnownFileType = sourcecode.swift; path = HospitalListVC.swift; sourceTree = "<group>"; };
		8497BE4D249AC385006C6FAA /* StoryboardHelper.swift */ = {isa = PBXFileReference; lastKnownFileType = sourcecode.swift; path = StoryboardHelper.swift; sourceTree = "<group>"; };
		8497BE51249AC637006C6FAA /* IllnessCell.xib */ = {isa = PBXFileReference; fileEncoding = 4; lastKnownFileType = file.xib; path = IllnessCell.xib; sourceTree = "<group>"; };
		8497BE52249AC637006C6FAA /* IllnessCell.swift */ = {isa = PBXFileReference; fileEncoding = 4; lastKnownFileType = sourcecode.swift; path = IllnessCell.swift; sourceTree = "<group>"; };
		8497BE55249AC6C7006C6FAA /* TableviewCell+Extension.swift */ = {isa = PBXFileReference; lastKnownFileType = sourcecode.swift; path = "TableviewCell+Extension.swift"; sourceTree = "<group>"; };
		8497BE57249ACBA2006C6FAA /* APIService.swift */ = {isa = PBXFileReference; lastKnownFileType = sourcecode.swift; path = APIService.swift; sourceTree = "<group>"; };
		8497BE59249ACC00006C6FAA /* AppConstants.swift */ = {isa = PBXFileReference; lastKnownFileType = sourcecode.swift; path = AppConstants.swift; sourceTree = "<group>"; };
		8497BE5B249AD00F006C6FAA /* IllnessModel.swift */ = {isa = PBXFileReference; lastKnownFileType = sourcecode.swift; path = IllnessModel.swift; sourceTree = "<group>"; };
		8497BE5D249AE59D006C6FAA /* IllnessListViewModel.swift */ = {isa = PBXFileReference; lastKnownFileType = sourcecode.swift; path = IllnessListViewModel.swift; sourceTree = "<group>"; };
		8497BE5F249AFDC7006C6FAA /* TableView+Extension.swift */ = {isa = PBXFileReference; lastKnownFileType = sourcecode.swift; path = "TableView+Extension.swift"; sourceTree = "<group>"; };
		8497BE66249B05FE006C6FAA /* IllnessViewModel.swift */ = {isa = PBXFileReference; lastKnownFileType = sourcecode.swift; path = IllnessViewModel.swift; sourceTree = "<group>"; };
		8497BE68249B24FD006C6FAA /* BoxShadowView.swift */ = {isa = PBXFileReference; lastKnownFileType = sourcecode.swift; path = BoxShadowView.swift; sourceTree = "<group>"; };
		8497BE6A249B27DE006C6FAA /* UIView+Extension.swift */ = {isa = PBXFileReference; lastKnownFileType = sourcecode.swift; path = "UIView+Extension.swift"; sourceTree = "<group>"; };
		8497BE6C249B338D006C6FAA /* SelectPainLevelVC.swift */ = {isa = PBXFileReference; lastKnownFileType = sourcecode.swift; path = SelectPainLevelVC.swift; sourceTree = "<group>"; };
		8497BE6E249B36B8006C6FAA /* PainLevelButton.swift */ = {isa = PBXFileReference; lastKnownFileType = sourcecode.swift; path = PainLevelButton.swift; sourceTree = "<group>"; };
		8497BE71249B3AA5006C6FAA /* Common.swift */ = {isa = PBXFileReference; lastKnownFileType = sourcecode.swift; path = Common.swift; sourceTree = "<group>"; };
/* End PBXFileReference section */

/* Begin PBXFrameworksBuildPhase section */
		8497BE29249ABFF9006C6FAA /* Frameworks */ = {
			isa = PBXFrameworksBuildPhase;
			buildActionMask = 2147483647;
			files = (
			);
			runOnlyForDeploymentPostprocessing = 0;
		};
/* End PBXFrameworksBuildPhase section */

/* Begin PBXGroup section */
		8497BE23249ABFF9006C6FAA = {
			isa = PBXGroup;
			children = (
				8497BE2E249ABFF9006C6FAA /* Hospital Finder */,
				8497BE2D249ABFF9006C6FAA /* Products */,
			);
			sourceTree = "<group>";
		};
		8497BE2D249ABFF9006C6FAA /* Products */ = {
			isa = PBXGroup;
			children = (
				8497BE2C249ABFF9006C6FAA /* Hospital Finder.app */,
			);
			name = Products;
			sourceTree = "<group>";
		};
		8497BE2E249ABFF9006C6FAA /* Hospital Finder */ = {
			isa = PBXGroup;
			children = (
				8497BE4C249AC36F006C6FAA /* Utilities */,
				8497BE47249AC098006C6FAA /* Service */,
				8497BE46249AC090006C6FAA /* Models */,
				8497BE45249AC07E006C6FAA /* View Models */,
				8497BE43249AC029006C6FAA /* App Delegates */,
				8497BE44249AC06C006C6FAA /* Views */,
				8497BE38249ABFFA006C6FAA /* Assets.xcassets */,
				8497BE3A249ABFFA006C6FAA /* LaunchScreen.storyboard */,
				8497BE3D249ABFFA006C6FAA /* Info.plist */,
			);
			path = "Hospital Finder";
			sourceTree = "<group>";
		};
		8497BE43249AC029006C6FAA /* App Delegates */ = {
			isa = PBXGroup;
			children = (
				8497BE2F249ABFF9006C6FAA /* AppDelegate.swift */,
				8497BE31249ABFF9006C6FAA /* SceneDelegate.swift */,
			);
			path = "App Delegates";
			sourceTree = "<group>";
		};
		8497BE44249AC06C006C6FAA /* Views */ = {
			isa = PBXGroup;
			children = (
				8497BE4F249AC5FD006C6FAA /* Tableview Cells */,
				8497BE4B249AC310006C6FAA /* Storyboards */,
				8497BE48249AC0ED006C6FAA /* Controllers */,
				8497BE70249B36BD006C6FAA /* Buttons */,
			);
			path = Views;
			sourceTree = "<group>";
		};
		8497BE45249AC07E006C6FAA /* View Models */ = {
			isa = PBXGroup;
			children = (
				8497BE5D249AE59D006C6FAA /* IllnessListViewModel.swift */,
				8497BE66249B05FE006C6FAA /* IllnessViewModel.swift */,
			);
			path = "View Models";
			sourceTree = "<group>";
		};
		8497BE46249AC090006C6FAA /* Models */ = {
			isa = PBXGroup;
			children = (
				8497BE5B249AD00F006C6FAA /* IllnessModel.swift */,
				8497BE71249B3AA5006C6FAA /* Common.swift */,
			);
			path = Models;
			sourceTree = "<group>";
		};
		8497BE47249AC098006C6FAA /* Service */ = {
			isa = PBXGroup;
			children = (
				8497BE57249ACBA2006C6FAA /* APIService.swift */,
			);
			path = Service;
			sourceTree = "<group>";
		};
		8497BE48249AC0ED006C6FAA /* Controllers */ = {
			isa = PBXGroup;
			children = (
				8497BE33249ABFF9006C6FAA /* SelectIllnessVC.swift */,
				8497BE49249AC132006C6FAA /* HospitalListVC.swift */,
				8497BE6C249B338D006C6FAA /* SelectPainLevelVC.swift */,
			);
			path = Controllers;
			sourceTree = "<group>";
		};
		8497BE4B249AC310006C6FAA /* Storyboards */ = {
			isa = PBXGroup;
			children = (
				8497BE35249ABFF9006C6FAA /* Hospital.storyboard */,
			);
			path = Storyboards;
			sourceTree = "<group>";
		};
		8497BE4C249AC36F006C6FAA /* Utilities */ = {
			isa = PBXGroup;
			children = (
				8497BE4D249AC385006C6FAA /* StoryboardHelper.swift */,
				8497BE55249AC6C7006C6FAA /* TableviewCell+Extension.swift */,
				8497BE5F249AFDC7006C6FAA /* TableView+Extension.swift */,
				8497BE59249ACC00006C6FAA /* AppConstants.swift */,
				8497BE68249B24FD006C6FAA /* BoxShadowView.swift */,
				8497BE6A249B27DE006C6FAA /* UIView+Extension.swift */,
			);
			path = Utilities;
			sourceTree = "<group>";
		};
		8497BE4F249AC5FD006C6FAA /* Tableview Cells */ = {
			isa = PBXGroup;
			children = (
				8497BE50249AC637006C6FAA /* Illness Cell */,
			);
			path = "Tableview Cells";
			sourceTree = "<group>";
		};
		8497BE50249AC637006C6FAA /* Illness Cell */ = {
			isa = PBXGroup;
			children = (
				8497BE51249AC637006C6FAA /* IllnessCell.xib */,
				8497BE52249AC637006C6FAA /* IllnessCell.swift */,
			);
			path = "Illness Cell";
			sourceTree = "<group>";
		};
		8497BE70249B36BD006C6FAA /* Buttons */ = {
			isa = PBXGroup;
			children = (
				8497BE6E249B36B8006C6FAA /* PainLevelButton.swift */,
			);
			path = Buttons;
			sourceTree = "<group>";
		};
/* End PBXGroup section */

/* Begin PBXNativeTarget section */
		8497BE2B249ABFF9006C6FAA /* Hospital Finder */ = {
			isa = PBXNativeTarget;
			buildConfigurationList = 8497BE40249ABFFA006C6FAA /* Build configuration list for PBXNativeTarget "Hospital Finder" */;
			buildPhases = (
				8497BE28249ABFF9006C6FAA /* Sources */,
				8497BE29249ABFF9006C6FAA /* Frameworks */,
				8497BE2A249ABFF9006C6FAA /* Resources */,
			);
			buildRules = (
			);
			dependencies = (
			);
			name = "Hospital Finder";
			productName = "Hospital Finder";
			productReference = 8497BE2C249ABFF9006C6FAA /* Hospital Finder.app */;
			productType = "com.apple.product-type.application";
		};
/* End PBXNativeTarget section */

/* Begin PBXProject section */
		8497BE24249ABFF9006C6FAA /* Project object */ = {
			isa = PBXProject;
			attributes = {
				LastSwiftUpdateCheck = 1140;
				LastUpgradeCheck = 1140;
				ORGANIZATIONNAME = "Devi Pd Ghimire";
				TargetAttributes = {
					8497BE2B249ABFF9006C6FAA = {
						CreatedOnToolsVersion = 11.4.1;
					};
				};
			};
			buildConfigurationList = 8497BE27249ABFF9006C6FAA /* Build configuration list for PBXProject "Hospital Finder" */;
			compatibilityVersion = "Xcode 9.3";
			developmentRegion = en;
			hasScannedForEncodings = 0;
			knownRegions = (
				en,
				Base,
			);
			mainGroup = 8497BE23249ABFF9006C6FAA;
			productRefGroup = 8497BE2D249ABFF9006C6FAA /* Products */;
			projectDirPath = "";
			projectRoot = "";
			targets = (
				8497BE2B249ABFF9006C6FAA /* Hospital Finder */,
			);
		};
/* End PBXProject section */

/* Begin PBXResourcesBuildPhase section */
		8497BE2A249ABFF9006C6FAA /* Resources */ = {
			isa = PBXResourcesBuildPhase;
			buildActionMask = 2147483647;
			files = (
				8497BE3C249ABFFA006C6FAA /* LaunchScreen.storyboard in Resources */,
				8497BE39249ABFFA006C6FAA /* Assets.xcassets in Resources */,
				8497BE53249AC637006C6FAA /* IllnessCell.xib in Resources */,
				8497BE37249ABFF9006C6FAA /* Hospital.storyboard in Resources */,
			);
			runOnlyForDeploymentPostprocessing = 0;
		};
/* End PBXResourcesBuildPhase section */

/* Begin PBXSourcesBuildPhase section */
		8497BE28249ABFF9006C6FAA /* Sources */ = {
			isa = PBXSourcesBuildPhase;
			buildActionMask = 2147483647;
			files = (
				8497BE5E249AE59D006C6FAA /* IllnessListViewModel.swift in Sources */,
				8497BE4A249AC132006C6FAA /* HospitalListVC.swift in Sources */,
				8497BE5A249ACC00006C6FAA /* AppConstants.swift in Sources */,
				8497BE60249AFDC7006C6FAA /* TableView+Extension.swift in Sources */,
				8497BE72249B3AA5006C6FAA /* Common.swift in Sources */,
				8497BE34249ABFF9006C6FAA /* SelectIllnessVC.swift in Sources */,
				8497BE54249AC637006C6FAA /* IllnessCell.swift in Sources */,
				8497BE69249B24FD006C6FAA /* BoxShadowView.swift in Sources */,
				8497BE6F249B36B8006C6FAA /* PainLevelButton.swift in Sources */,
				8497BE6B249B27DE006C6FAA /* UIView+Extension.swift in Sources */,
				8497BE30249ABFF9006C6FAA /* AppDelegate.swift in Sources */,
				8497BE4E249AC385006C6FAA /* StoryboardHelper.swift in Sources */,
				8497BE5C249AD00F006C6FAA /* IllnessModel.swift in Sources */,
				8497BE6D249B338D006C6FAA /* SelectPainLevelVC.swift in Sources */,
				8497BE32249ABFF9006C6FAA /* SceneDelegate.swift in Sources */,
				8497BE58249ACBA2006C6FAA /* APIService.swift in Sources */,
				8497BE56249AC6C7006C6FAA /* TableviewCell+Extension.swift in Sources */,
				8497BE67249B05FE006C6FAA /* IllnessViewModel.swift in Sources */,
			);
			runOnlyForDeploymentPostprocessing = 0;
		};
/* End PBXSourcesBuildPhase section */

/* Begin PBXVariantGroup section */
		8497BE35249ABFF9006C6FAA /* Hospital.storyboard */ = {
			isa = PBXVariantGroup;
			children = (
				8497BE36249ABFF9006C6FAA /* Base */,
			);
			name = Hospital.storyboard;
			sourceTree = "<group>";
		};
		8497BE3A249ABFFA006C6FAA /* LaunchScreen.storyboard */ = {
			isa = PBXVariantGroup;
			children = (
				8497BE3B249ABFFA006C6FAA /* Base */,
			);
			name = LaunchScreen.storyboard;
			sourceTree = "<group>";
		};
/* End PBXVariantGroup section */

/* Begin XCBuildConfiguration section */
		8497BE3E249ABFFA006C6FAA /* Debug */ = {
			isa = XCBuildConfiguration;
			buildSettings = {
				ALWAYS_SEARCH_USER_PATHS = NO;
				CLANG_ANALYZER_NONNULL = YES;
				CLANG_ANALYZER_NUMBER_OBJECT_CONVERSION = YES_AGGRESSIVE;
				CLANG_CXX_LANGUAGE_STANDARD = "gnu++14";
				CLANG_CXX_LIBRARY = "libc++";
				CLANG_ENABLE_MODULES = YES;
				CLANG_ENABLE_OBJC_ARC = YES;
				CLANG_ENABLE_OBJC_WEAK = YES;
				CLANG_WARN_BLOCK_CAPTURE_AUTORELEASING = YES;
				CLANG_WARN_BOOL_CONVERSION = YES;
				CLANG_WARN_COMMA = YES;
				CLANG_WARN_CONSTANT_CONVERSION = YES;
				CLANG_WARN_DEPRECATED_OBJC_IMPLEMENTATIONS = YES;
				CLANG_WARN_DIRECT_OBJC_ISA_USAGE = YES_ERROR;
				CLANG_WARN_DOCUMENTATION_COMMENTS = YES;
				CLANG_WARN_EMPTY_BODY = YES;
				CLANG_WARN_ENUM_CONVERSION = YES;
				CLANG_WARN_INFINITE_RECURSION = YES;
				CLANG_WARN_INT_CONVERSION = YES;
				CLANG_WARN_NON_LITERAL_NULL_CONVERSION = YES;
				CLANG_WARN_OBJC_IMPLICIT_RETAIN_SELF = YES;
				CLANG_WARN_OBJC_LITERAL_CONVERSION = YES;
				CLANG_WARN_OBJC_ROOT_CLASS = YES_ERROR;
				CLANG_WARN_RANGE_LOOP_ANALYSIS = YES;
				CLANG_WARN_STRICT_PROTOTYPES = YES;
				CLANG_WARN_SUSPICIOUS_MOVE = YES;
				CLANG_WARN_UNGUARDED_AVAILABILITY = YES_AGGRESSIVE;
				CLANG_WARN_UNREACHABLE_CODE = YES;
				CLANG_WARN__DUPLICATE_METHOD_MATCH = YES;
				COPY_PHASE_STRIP = NO;
				DEBUG_INFORMATION_FORMAT = dwarf;
				ENABLE_STRICT_OBJC_MSGSEND = YES;
				ENABLE_TESTABILITY = YES;
				GCC_C_LANGUAGE_STANDARD = gnu11;
				GCC_DYNAMIC_NO_PIC = NO;
				GCC_NO_COMMON_BLOCKS = YES;
				GCC_OPTIMIZATION_LEVEL = 0;
				GCC_PREPROCESSOR_DEFINITIONS = (
					"DEBUG=1",
					"$(inherited)",
				);
				GCC_WARN_64_TO_32_BIT_CONVERSION = YES;
				GCC_WARN_ABOUT_RETURN_TYPE = YES_ERROR;
				GCC_WARN_UNDECLARED_SELECTOR = YES;
				GCC_WARN_UNINITIALIZED_AUTOS = YES_AGGRESSIVE;
				GCC_WARN_UNUSED_FUNCTION = YES;
				GCC_WARN_UNUSED_VARIABLE = YES;
				IPHONEOS_DEPLOYMENT_TARGET = 13.4;
				MTL_ENABLE_DEBUG_INFO = INCLUDE_SOURCE;
				MTL_FAST_MATH = YES;
				ONLY_ACTIVE_ARCH = YES;
				SDKROOT = iphoneos;
				SWIFT_ACTIVE_COMPILATION_CONDITIONS = DEBUG;
				SWIFT_OPTIMIZATION_LEVEL = "-Onone";
			};
			name = Debug;
		};
		8497BE3F249ABFFA006C6FAA /* Release */ = {
			isa = XCBuildConfiguration;
			buildSettings = {
				ALWAYS_SEARCH_USER_PATHS = NO;
				CLANG_ANALYZER_NONNULL = YES;
				CLANG_ANALYZER_NUMBER_OBJECT_CONVERSION = YES_AGGRESSIVE;
				CLANG_CXX_LANGUAGE_STANDARD = "gnu++14";
				CLANG_CXX_LIBRARY = "libc++";
				CLANG_ENABLE_MODULES = YES;
				CLANG_ENABLE_OBJC_ARC = YES;
				CLANG_ENABLE_OBJC_WEAK = YES;
				CLANG_WARN_BLOCK_CAPTURE_AUTORELEASING = YES;
				CLANG_WARN_BOOL_CONVERSION = YES;
				CLANG_WARN_COMMA = YES;
				CLANG_WARN_CONSTANT_CONVERSION = YES;
				CLANG_WARN_DEPRECATED_OBJC_IMPLEMENTATIONS = YES;
				CLANG_WARN_DIRECT_OBJC_ISA_USAGE = YES_ERROR;
				CLANG_WARN_DOCUMENTATION_COMMENTS = YES;
				CLANG_WARN_EMPTY_BODY = YES;
				CLANG_WARN_ENUM_CONVERSION = YES;
				CLANG_WARN_INFINITE_RECURSION = YES;
				CLANG_WARN_INT_CONVERSION = YES;
				CLANG_WARN_NON_LITERAL_NULL_CONVERSION = YES;
				CLANG_WARN_OBJC_IMPLICIT_RETAIN_SELF = YES;
				CLANG_WARN_OBJC_LITERAL_CONVERSION = YES;
				CLANG_WARN_OBJC_ROOT_CLASS = YES_ERROR;
				CLANG_WARN_RANGE_LOOP_ANALYSIS = YES;
				CLANG_WARN_STRICT_PROTOTYPES = YES;
				CLANG_WARN_SUSPICIOUS_MOVE = YES;
				CLANG_WARN_UNGUARDED_AVAILABILITY = YES_AGGRESSIVE;
				CLANG_WARN_UNREACHABLE_CODE = YES;
				CLANG_WARN__DUPLICATE_METHOD_MATCH = YES;
				COPY_PHASE_STRIP = NO;
				DEBUG_INFORMATION_FORMAT = "dwarf-with-dsym";
				ENABLE_NS_ASSERTIONS = NO;
				ENABLE_STRICT_OBJC_MSGSEND = YES;
				GCC_C_LANGUAGE_STANDARD = gnu11;
				GCC_NO_COMMON_BLOCKS = YES;
				GCC_WARN_64_TO_32_BIT_CONVERSION = YES;
				GCC_WARN_ABOUT_RETURN_TYPE = YES_ERROR;
				GCC_WARN_UNDECLARED_SELECTOR = YES;
				GCC_WARN_UNINITIALIZED_AUTOS = YES_AGGRESSIVE;
				GCC_WARN_UNUSED_FUNCTION = YES;
				GCC_WARN_UNUSED_VARIABLE = YES;
				IPHONEOS_DEPLOYMENT_TARGET = 13.4;
				MTL_ENABLE_DEBUG_INFO = NO;
				MTL_FAST_MATH = YES;
				SDKROOT = iphoneos;
				SWIFT_COMPILATION_MODE = wholemodule;
				SWIFT_OPTIMIZATION_LEVEL = "-O";
				VALIDATE_PRODUCT = YES;
			};
			name = Release;
		};
		8497BE41249ABFFA006C6FAA /* Debug */ = {
			isa = XCBuildConfiguration;
			buildSettings = {
				ASSETCATALOG_COMPILER_APPICON_NAME = AppIcon;
				CODE_SIGN_STYLE = Automatic;
				DEVELOPMENT_TEAM = FH6G9M69MH;
				INFOPLIST_FILE = "Hospital Finder/Info.plist";
				LD_RUNPATH_SEARCH_PATHS = (
					"$(inherited)",
					"@executable_path/Frameworks",
				);
				PRODUCT_BUNDLE_IDENTIFIER = "dip.Hospital-Finder";
				PRODUCT_NAME = "$(TARGET_NAME)";
				SWIFT_VERSION = 5.0;
				TARGETED_DEVICE_FAMILY = 1;
			};
			name = Debug;
		};
		8497BE42249ABFFA006C6FAA /* Release */ = {
			isa = XCBuildConfiguration;
			buildSettings = {
				ASSETCATALOG_COMPILER_APPICON_NAME = AppIcon;
				CODE_SIGN_STYLE = Automatic;
				DEVELOPMENT_TEAM = FH6G9M69MH;
				INFOPLIST_FILE = "Hospital Finder/Info.plist";
				LD_RUNPATH_SEARCH_PATHS = (
					"$(inherited)",
					"@executable_path/Frameworks",
				);
				PRODUCT_BUNDLE_IDENTIFIER = "dip.Hospital-Finder";
				PRODUCT_NAME = "$(TARGET_NAME)";
				SWIFT_VERSION = 5.0;
				TARGETED_DEVICE_FAMILY = 1;
			};
			name = Release;
		};
/* End XCBuildConfiguration section */

/* Begin XCConfigurationList section */
		8497BE27249ABFF9006C6FAA /* Build configuration list for PBXProject "Hospital Finder" */ = {
			isa = XCConfigurationList;
			buildConfigurations = (
				8497BE3E249ABFFA006C6FAA /* Debug */,
				8497BE3F249ABFFA006C6FAA /* Release */,
			);
			defaultConfigurationIsVisible = 0;
			defaultConfigurationName = Release;
		};
		8497BE40249ABFFA006C6FAA /* Build configuration list for PBXNativeTarget "Hospital Finder" */ = {
			isa = XCConfigurationList;
			buildConfigurations = (
				8497BE41249ABFFA006C6FAA /* Debug */,
				8497BE42249ABFFA006C6FAA /* Release */,
			);
			defaultConfigurationIsVisible = 0;
			defaultConfigurationName = Release;
		};
/* End XCConfigurationList section */
	};
	rootObject = 8497BE24249ABFF9006C6FAA /* Project object */;
}
